{
  "version": "5",
  "specifiers": {
    "jsr:@std/assert@^1.0.13": "1.0.13",
    "jsr:@std/internal@^1.0.6": "1.0.7",
    "npm:basecoat-css@~0.1.2": "0.1.2",
    "npm:hono@^4.7.10": "4.7.10",
    "npm:tailwindcss@^4.1.7": "4.1.7"
  },
  "jsr": {
    "@std/assert@1.0.13": {
      "integrity": "ae0d31e41919b12c656c742b22522c32fb26ed0cba32975cb0de2a273cb68b29",
      "dependencies": [
        "jsr:@std/internal"
      ]
    },
    "@std/internal@1.0.7": {
      "integrity": "39eeb5265190a7bc5d5591c9ff019490bd1f2c3907c044a11b0d545796158a0f"
    }
  },
  "npm": {
    "basecoat-css@0.1.2": {
      "integrity": "sha512-nKlo9u7rLE7POTet5rId1Q8xjzHCqGxqRJxvF6qC7DY3ZgDDtEkLCYQN23Rluk2VMg/HPqWWf4+6rS49rXLzLw=="
    },
    "hono@4.7.10": {
      "integrity": "sha512-QkACju9MiN59CKSY5JsGZCYmPZkA6sIW6OFCUp7qDjZu6S6KHtJHhAc9Uy9mV9F8PJ1/HQ3ybZF2yjCa/73fvQ=="
    },
    "tailwindcss@4.1.7": {
      "integrity": "sha512-kr1o/ErIdNhTz8uzAYL7TpaUuzKIE6QPQ4qmSdxnoX/lo+5wmUHQA6h3L5yIqEImSRnAAURDirLu/BgiXGPAhg=="
    }
  },
  "workspace": {
    "dependencies": [
      "jsr:@std/assert@^1.0.13",
      "npm:basecoat-css@~0.1.2",
      "npm:hono@^4.7.10",
      "npm:tailwindcss@^4.1.7"
    ]
  }
}
